// !$*UTF8*$!
{
	archiveVersion = 1;
	classes = {
	};
	objectVersion = 46;
	objects = {

/* Begin PBXBuildFile section */
		3B80945C1D108CD800ECC85A /* AppDelegate.swift in Sources */ = {isa = PBXBuildFile; fileRef = 3B80945B1D108CD800ECC85A /* AppDelegate.swift */; };
		3B80945E1D108CD800ECC85A /* ViewController.swift in Sources */ = {isa = PBXBuildFile; fileRef = 3B80945D1D108CD800ECC85A /* ViewController.swift */; };
		3B8094611D108CD800ECC85A /* Main.storyboard in Resources */ = {isa = PBXBuildFile; fileRef = 3B80945F1D108CD800ECC85A /* Main.storyboard */; };
		3B8094631D108CD800ECC85A /* Assets.xcassets in Resources */ = {isa = PBXBuildFile; fileRef = 3B8094621D108CD800ECC85A /* Assets.xcassets */; };
		3B8094661D108CD800ECC85A /* LaunchScreen.storyboard in Resources */ = {isa = PBXBuildFile; fileRef = 3B8094641D108CD800ECC85A /* LaunchScreen.storyboard */; };
		3B8094711D108CD800ECC85A /* SpotifyArtistsViewerTests.swift in Sources */ = {isa = PBXBuildFile; fileRef = 3B8094701D108CD800ECC85A /* SpotifyArtistsViewerTests.swift */; };
/* End PBXBuildFile section */

/* Begin PBXContainerItemProxy section */
		3B80946D1D108CD800ECC85A /* PBXContainerItemProxy */ = {
			isa = PBXContainerItemProxy;
			containerPortal = 3B8094501D108CD800ECC85A /* Project object */;
			proxyType = 1;
			remoteGlobalIDString = 3B8094571D108CD800ECC85A;
			remoteInfo = SpotifyArtistsViewer;
		};
/* End PBXContainerItemProxy section */

/* Begin PBXFileReference section */
		3B8094581D108CD800ECC85A /* SpotifyArtistsViewer.app */ = {isa = PBXFileReference; explicitFileType = wrapper.application; includeInIndex = 0; path = SpotifyArtistsViewer.app; sourceTree = BUILT_PRODUCTS_DIR; };
		3B80945B1D108CD800ECC85A /* AppDelegate.swift */ = {isa = PBXFileReference; lastKnownFileType = sourcecode.swift; path = AppDelegate.swift; sourceTree = "<group>"; };
		3B80945D1D108CD800ECC85A /* ViewController.swift */ = {isa = PBXFileReference; lastKnownFileType = sourcecode.swift; path = ViewController.swift; sourceTree = "<group>"; };
		3B8094601D108CD800ECC85A /* Base */ = {isa = PBXFileReference; lastKnownFileType = file.storyboard; name = Base; path = Base.lproj/Main.storyboard; sourceTree = "<group>"; };
		3B8094621D108CD800ECC85A /* Assets.xcassets */ = {isa = PBXFileReference; lastKnownFileType = folder.assetcatalog; path = Assets.xcassets; sourceTree = "<group>"; };
		3B8094651D108CD800ECC85A /* Base */ = {isa = PBXFileReference; lastKnownFileType = file.storyboard; name = Base; path = Base.lproj/LaunchScreen.storyboard; sourceTree = "<group>"; };
		3B8094671D108CD800ECC85A /* Info.plist */ = {isa = PBXFileReference; lastKnownFileType = text.plist.xml; path = Info.plist; sourceTree = "<group>"; };
		3B80946C1D108CD800ECC85A /* SpotifyArtistsViewerTests.xctest */ = {isa = PBXFileReference; explicitFileType = wrapper.cfbundle; includeInIndex = 0; path = SpotifyArtistsViewerTests.xctest; sourceTree = BUILT_PRODUCTS_DIR; };
		3B8094701D108CD800ECC85A /* SpotifyArtistsViewerTests.swift */ = {isa = PBXFileReference; lastKnownFileType = sourcecode.swift; path = SpotifyArtistsViewerTests.swift; sourceTree = "<group>"; };
		3B8094721D108CD800ECC85A /* Info.plist */ = {isa = PBXFileReference; lastKnownFileType = text.plist.xml; path = Info.plist; sourceTree = "<group>"; };
/* End PBXFileReference section */

/* Begin PBXFrameworksBuildPhase section */
		3B8094551D108CD800ECC85A /* Frameworks */ = {
			isa = PBXFrameworksBuildPhase;
			buildActionMask = 2147483647;
			files = (
			);
			runOnlyForDeploymentPostprocessing = 0;
		};
		3B8094691D108CD800ECC85A /* Frameworks */ = {
			isa = PBXFrameworksBuildPhase;
			buildActionMask = 2147483647;
			files = (
			);
			runOnlyForDeploymentPostprocessing = 0;
		};
/* End PBXFrameworksBuildPhase section */

/* Begin PBXGroup section */
		3B80944F1D108CD800ECC85A = {
			isa = PBXGroup;
			children = (
				3B80945A1D108CD800ECC85A /* SpotifyArtistsViewer */,
				3B80946F1D108CD800ECC85A /* SpotifyArtistsViewerTests */,
				3B8094591D108CD800ECC85A /* Products */,
			);
			sourceTree = "<group>";
		};
		3B8094591D108CD800ECC85A /* Products */ = {
			isa = PBXGroup;
			children = (
				3B8094581D108CD800ECC85A /* SpotifyArtistsViewer.app */,
				3B80946C1D108CD800ECC85A /* SpotifyArtistsViewerTests.xctest */,
			);
			name = Products;
			sourceTree = "<group>";
		};
		3B80945A1D108CD800ECC85A /* SpotifyArtistsViewer */ = {
			isa = PBXGroup;
			children = (
				3B80945B1D108CD800ECC85A /* AppDelegate.swift */,
				3B80945D1D108CD800ECC85A /* ViewController.swift */,
				3B80945F1D108CD800ECC85A /* Main.storyboard */,
				3B8094621D108CD800ECC85A /* Assets.xcassets */,
				3B8094641D108CD800ECC85A /* LaunchScreen.storyboard */,
				3B8094671D108CD800ECC85A /* Info.plist */,
			);
			path = SpotifyArtistsViewer;
			sourceTree = "<group>";
		};
		3B80946F1D108CD800ECC85A /* SpotifyArtistsViewerTests */ = {
			isa = PBXGroup;
			children = (
				3B8094701D108CD800ECC85A /* SpotifyArtistsViewerTests.swift */,
				3B8094721D108CD800ECC85A /* Info.plist */,
			);
			path = SpotifyArtistsViewerTests;
			sourceTree = "<group>";
		};
/* End PBXGroup section */

/* Begin PBXNativeTarget section */
		3B8094571D108CD800ECC85A /* SpotifyArtistsViewer */ = {
			isa = PBXNativeTarget;
			buildConfigurationList = 3B8094751D108CD800ECC85A /* Build configuration list for PBXNativeTarget "SpotifyArtistsViewer" */;
			buildPhases = (
				3B8094541D108CD800ECC85A /* Sources */,
				3B8094551D108CD800ECC85A /* Frameworks */,
				3B8094561D108CD800ECC85A /* Resources */,
			);
			buildRules = (
			);
			dependencies = (
			);
			name = SpotifyArtistsViewer;
			productName = SpotifyArtistsViewer;
			productReference = 3B8094581D108CD800ECC85A /* SpotifyArtistsViewer.app */;
			productType = "com.apple.product-type.application";
		};
		3B80946B1D108CD800ECC85A /* SpotifyArtistsViewerTests */ = {
			isa = PBXNativeTarget;
			buildConfigurationList = 3B8094781D108CD800ECC85A /* Build configuration list for PBXNativeTarget "SpotifyArtistsViewerTests" */;
			buildPhases = (
				3B8094681D108CD800ECC85A /* Sources */,
				3B8094691D108CD800ECC85A /* Frameworks */,
				3B80946A1D108CD800ECC85A /* Resources */,
			);
			buildRules = (
			);
			dependencies = (
				3B80946E1D108CD800ECC85A /* PBXTargetDependency */,
			);
			name = SpotifyArtistsViewerTests;
			productName = SpotifyArtistsViewerTests;
			productReference = 3B80946C1D108CD800ECC85A /* SpotifyArtistsViewerTests.xctest */;
			productType = "com.apple.product-type.bundle.unit-test";
		};
/* End PBXNativeTarget section */

/* Begin PBXProject section */
		3B8094501D108CD800ECC85A /* Project object */ = {
			isa = PBXProject;
			attributes = {
				LastSwiftUpdateCheck = 0730;
				LastUpgradeCheck = 0730;
				ORGANIZATIONNAME = "Intrepid Pursuits LLC";
				TargetAttributes = {
					3B8094571D108CD800ECC85A = {
						CreatedOnToolsVersion = 7.3.1;
					};
					3B80946B1D108CD800ECC85A = {
						CreatedOnToolsVersion = 7.3.1;
						TestTargetID = 3B8094571D108CD800ECC85A;
					};
				};
			};
			buildConfigurationList = 3B8094531D108CD800ECC85A /* Build configuration list for PBXProject "SpotifyArtistsViewer" */;
			compatibilityVersion = "Xcode 3.2";
			developmentRegion = English;
			hasScannedForEncodings = 0;
			knownRegions = (
				en,
				Base,
			);
			mainGroup = 3B80944F1D108CD800ECC85A;
			productRefGroup = 3B8094591D108CD800ECC85A /* Products */;
			projectDirPath = "";
			projectRoot = "";
			targets = (
				3B8094571D108CD800ECC85A /* SpotifyArtistsViewer */,
				3B80946B1D108CD800ECC85A /* SpotifyArtistsViewerTests */,
			);
		};
/* End PBXProject section */

/* Begin PBXResourcesBuildPhase section */
		3B8094561D108CD800ECC85A /* Resources */ = {
			isa = PBXResourcesBuildPhase;
			buildActionMask = 2147483647;
			files = (
				3B8094661D108CD800ECC85A /* LaunchScreen.storyboard in Resources */,
				3B8094631D108CD800ECC85A /* Assets.xcassets in Resources */,
				3B8094611D108CD800ECC85A /* Main.storyboard in Resources */,
			);
			runOnlyForDeploymentPostprocessing = 0;
		};
		3B80946A1D108CD800ECC85A /* Resources */ = {
			isa = PBXResourcesBuildPhase;
			buildActionMask = 2147483647;
			files = (
			);
			runOnlyForDeploymentPostprocessing = 0;
		};
/* End PBXResourcesBuildPhase section */

/* Begin PBXSourcesBuildPhase section */
		3B8094541D108CD800ECC85A /* Sources */ = {
			isa = PBXSourcesBuildPhase;
			buildActionMask = 2147483647;
			files = (
				3B80945E1D108CD800ECC85A /* ViewController.swift in Sources */,
				3B80945C1D108CD800ECC85A /* AppDelegate.swift in Sources */,
			);
			runOnlyForDeploymentPostprocessing = 0;
		};
		3B8094681D108CD800ECC85A /* Sources */ = {
			isa = PBXSourcesBuildPhase;
			buildActionMask = 2147483647;
			files = (
				3B8094711D108CD800ECC85A /* SpotifyArtistsViewerTests.swift in Sources */,
			);
			runOnlyForDeploymentPostprocessing = 0;
		};
/* End PBXSourcesBuildPhase section */

/* Begin PBXTargetDependency section */
		3B80946E1D108CD800ECC85A /* PBXTargetDependency */ = {
			isa = PBXTargetDependency;
			target = 3B8094571D108CD800ECC85A /* SpotifyArtistsViewer */;
			targetProxy = 3B80946D1D108CD800ECC85A /* PBXContainerItemProxy */;
		};
/* End PBXTargetDependency section */

/* Begin PBXVariantGroup section */
		3B80945F1D108CD800ECC85A /* Main.storyboard */ = {
			isa = PBXVariantGroup;
			children = (
				3B8094601D108CD800ECC85A /* Base */,
			);
			name = Main.storyboard;
			sourceTree = "<group>";
		};
		3B8094641D108CD800ECC85A /* LaunchScreen.storyboard */ = {
			isa = PBXVariantGroup;
			children = (
				3B8094651D108CD800ECC85A /* Base */,
			);
			name = LaunchScreen.storyboard;
			sourceTree = "<group>";
		};
/* End PBXVariantGroup section */

/* Begin XCBuildConfiguration section */
		3B8094731D108CD800ECC85A /* Debug */ = {
			isa = XCBuildConfiguration;
			buildSettings = {
				ALWAYS_SEARCH_USER_PATHS = NO;
				CLANG_ANALYZER_NONNULL = YES;
				CLANG_CXX_LANGUAGE_STANDARD = "gnu++0x";
				CLANG_CXX_LIBRARY = "libc++";
				CLANG_ENABLE_MODULES = YES;
				CLANG_ENABLE_OBJC_ARC = YES;
				CLANG_WARN_BOOL_CONVERSION = YES;
				CLANG_WARN_CONSTANT_CONVERSION = YES;
				CLANG_WARN_DIRECT_OBJC_ISA_USAGE = YES_ERROR;
				CLANG_WARN_EMPTY_BODY = YES;
				CLANG_WARN_ENUM_CONVERSION = YES;
				CLANG_WARN_INT_CONVERSION = YES;
				CLANG_WARN_OBJC_ROOT_CLASS = YES_ERROR;
				CLANG_WARN_UNREACHABLE_CODE = YES;
				CLANG_WARN__DUPLICATE_METHOD_MATCH = YES;
				"CODE_SIGN_IDENTITY[sdk=iphoneos*]" = "iPhone Developer";
				COPY_PHASE_STRIP = NO;
				DEBUG_INFORMATION_FORMAT = dwarf;
				ENABLE_STRICT_OBJC_MSGSEND = YES;
				ENABLE_TESTABILITY = YES;
				GCC_C_LANGUAGE_STANDARD = gnu99;
				GCC_DYNAMIC_NO_PIC = NO;
				GCC_NO_COMMON_BLOCKS = YES;
				GCC_OPTIMIZATION_LEVEL = 0;
				GCC_PREPROCESSOR_DEFINITIONS = (
					"DEBUG=1",
					"$(inherited)",
				);
				GCC_WARN_64_TO_32_BIT_CONVERSION = YES;
				GCC_WARN_ABOUT_RETURN_TYPE = YES_ERROR;
				GCC_WARN_UNDECLARED_SELECTOR = YES;
				GCC_WARN_UNINITIALIZED_AUTOS = YES_AGGRESSIVE;
				GCC_WARN_UNUSED_FUNCTION = YES;
				GCC_WARN_UNUSED_VARIABLE = YES;
				IPHONEOS_DEPLOYMENT_TARGET = 9.3;
				MTL_ENABLE_DEBUG_INFO = YES;
				ONLY_ACTIVE_ARCH = YES;
				SDKROOT = iphoneos;
				SWIFT_OPTIMIZATION_LEVEL = "-Onone";
				TARGETED_DEVICE_FAMILY = "1,2";
			};
			name = Debug;
		};
		3B8094741D108CD800ECC85A /* Release */ = {
			isa = XCBuildConfiguration;
			buildSettings = {
				ALWAYS_SEARCH_USER_PATHS = NO;
				CLANG_ANALYZER_NONNULL = YES;
				CLANG_CXX_LANGUAGE_STANDARD = "gnu++0x";
				CLANG_CXX_LIBRARY = "libc++";
				CLANG_ENABLE_MODULES = YES;
				CLANG_ENABLE_OBJC_ARC = YES;
				CLANG_WARN_BOOL_CONVERSION = YES;
				CLANG_WARN_CONSTANT_CONVERSION = YES;
				CLANG_WARN_DIRECT_OBJC_ISA_USAGE = YES_ERROR;
				CLANG_WARN_EMPTY_BODY = YES;
				CLANG_WARN_ENUM_CONVERSION = YES;
				CLANG_WARN_INT_CONVERSION = YES;
				CLANG_WARN_OBJC_ROOT_CLASS = YES_ERROR;
				CLANG_WARN_UNREACHABLE_CODE = YES;
				CLANG_WARN__DUPLICATE_METHOD_MATCH = YES;
				"CODE_SIGN_IDENTITY[sdk=iphoneos*]" = "iPhone Developer";
				COPY_PHASE_STRIP = NO;
				DEBUG_INFORMATION_FORMAT = "dwarf-with-dsym";
				ENABLE_NS_ASSERTIONS = NO;
				ENABLE_STRICT_OBJC_MSGSEND = YES;
				GCC_C_LANGUAGE_STANDARD = gnu99;
				GCC_NO_COMMON_BLOCKS = YES;
				GCC_WARN_64_TO_32_BIT_CONVERSION = YES;
				GCC_WARN_ABOUT_RETURN_TYPE = YES_ERROR;
				GCC_WARN_UNDECLARED_SELECTOR = YES;
				GCC_WARN_UNINITIALIZED_AUTOS = YES_AGGRESSIVE;
				GCC_WARN_UNUSED_FUNCTION = YES;
				GCC_WARN_UNUSED_VARIABLE = YES;
				IPHONEOS_DEPLOYMENT_TARGET = 9.3;
				MTL_ENABLE_DEBUG_INFO = NO;
				SDKROOT = iphoneos;
				TARGETED_DEVICE_FAMILY = "1,2";
				VALIDATE_PRODUCT = YES;
			};
			name = Release;
		};
		3B8094761D108CD800ECC85A /* Debug */ = {
			isa = XCBuildConfiguration;
			buildSettings = {
				ASSETCATALOG_COMPILER_APPICON_NAME = AppIcon;
				INFOPLIST_FILE = SpotifyArtistsViewer/Info.plist;
				LD_RUNPATH_SEARCH_PATHS = "$(inherited) @executable_path/Frameworks";
				PRODUCT_BUNDLE_IDENTIFIER = com.colintan.SpotifyArtistsViewer;
				PRODUCT_NAME = "$(TARGET_NAME)";
			};
			name = Debug;
		};
		3B8094771D108CD800ECC85A /* Release */ = {
			isa = XCBuildConfiguration;
			buildSettings = {
				ASSETCATALOG_COMPILER_APPICON_NAME = AppIcon;
				INFOPLIST_FILE = SpotifyArtistsViewer/Info.plist;
				LD_RUNPATH_SEARCH_PATHS = "$(inherited) @executable_path/Frameworks";
				PRODUCT_BUNDLE_IDENTIFIER = com.colintan.SpotifyArtistsViewer;
				PRODUCT_NAME = "$(TARGET_NAME)";
			};
			name = Release;
		};
		3B8094791D108CD800ECC85A /* Debug */ = {
			isa = XCBuildConfiguration;
			buildSettings = {
				BUNDLE_LOADER = "$(TEST_HOST)";
				INFOPLIST_FILE = SpotifyArtistsViewerTests/Info.plist;
				LD_RUNPATH_SEARCH_PATHS = "$(inherited) @executable_path/Frameworks @loader_path/Frameworks";
				PRODUCT_BUNDLE_IDENTIFIER = com.colintan.SpotifyArtistsViewerTests;
				PRODUCT_NAME = "$(TARGET_NAME)";
				TEST_HOST = "$(BUILT_PRODUCTS_DIR)/SpotifyArtistsViewer.app/SpotifyArtistsViewer";
			};
			name = Debug;
		};
		3B80947A1D108CD800ECC85A /* Release */ = {
			isa = XCBuildConfiguration;
			buildSettings = {
				BUNDLE_LOADER = "$(TEST_HOST)";
				INFOPLIST_FILE = SpotifyArtistsViewerTests/Info.plist;
				LD_RUNPATH_SEARCH_PATHS = "$(inherited) @executable_path/Frameworks @loader_path/Frameworks";
				PRODUCT_BUNDLE_IDENTIFIER = com.colintan.SpotifyArtistsViewerTests;
				PRODUCT_NAME = "$(TARGET_NAME)";
				TEST_HOST = "$(BUILT_PRODUCTS_DIR)/SpotifyArtistsViewer.app/SpotifyArtistsViewer";
			};
			name = Release;
		};
/* End XCBuildConfiguration section */

/* Begin XCConfigurationList section */
		3B8094531D108CD800ECC85A /* Build configuration list for PBXProject "SpotifyArtistsViewer" */ = {
			isa = XCConfigurationList;
			buildConfigurations = (
				3B8094731D108CD800ECC85A /* Debug */,
				3B8094741D108CD800ECC85A /* Release */,
			);
			defaultConfigurationIsVisible = 0;
			defaultConfigurationName = Release;
		};
		3B8094751D108CD800ECC85A /* Build configuration list for PBXNativeTarget "SpotifyArtistsViewer" */ = {
			isa = XCConfigurationList;
			buildConfigurations = (
				3B8094761D108CD800ECC85A /* Debug */,
				3B8094771D108CD800ECC85A /* Release */,
			);
			defaultConfigurationIsVisible = 0;
		};
		3B8094781D108CD800ECC85A /* Build configuration list for PBXNativeTarget "SpotifyArtistsViewerTests" */ = {
			isa = XCConfigurationList;
			buildConfigurations = (
				3B8094791D108CD800ECC85A /* Debug */,
				3B80947A1D108CD800ECC85A /* Release */,
			);
			defaultConfigurationIsVisible = 0;
		};
/* End XCConfigurationList section */
	};
	rootObject = 3B8094501D108CD800ECC85A /* Project object */;
}
